
Microsoft Visual Studio Solution File, Format Version 12.00
# Visual Studio 15
VisualStudioVersion = 15.0.28307.572
MinimumVisualStudioVersion = 10.0.40219.1
Project("{FAE04EC0-301F-11D3-BF4B-00C04F79EFBC}") = "ResharpANew", "ResharpANew\ResharpANew.csproj", "{68DC56E3-99E0-4B67-AF73-FEE326741C49}"
EndProject
Global
	GlobalSection(SolutionConfigurationPlatforms) = preSolution
		Debug|Any CPU = Debug|Any CPU
		Release|Any CPU = Release|Any CPU
	EndGlobalSection
	GlobalSection(ProjectConfigurationPlatforms) = postSolution
		{68DC56E3-99E0-4B67-AF73-FEE326741C49}.Debug|Any CPU.ActiveCfg = Debug|Any CPU
		{68DC56E3-99E0-4B67-AF73-FEE326741C49}.Debug|Any CPU.Build.0 = Debug|Any CPU
		{68DC56E3-99E0-4B67-AF73-FEE326741C49}.Release|Any CPU.ActiveCfg = Release|Any CPU
		{68DC56E3-99E0-4B67-AF73-FEE326741C49}.Release|Any CPU.Build.0 = Release|Any CPU
	EndGlobalSection
	GlobalSection(SolutionProperties) = preSolution
		HideSolutionNode = FALSE
	EndGlobalSection
	GlobalSection(ExtensibilityGlobals) = postSolution
		SolutionGuid = {0351B4F1-7E7A-4EC9-B0CC-F0DCA77F6629}
	EndGlobalSection
EndGlobal
